
Microsoft Visual Studio Solution File, Format Version 12.00
# Visual Studio Version 16
VisualStudioVersion = 16.0.31515.178
MinimumVisualStudioVersion = 10.0.40219.1
Project("{FAE04EC0-301F-11D3-BF4B-00C04F79EFBC}") = "LoginDemo", "LoginDemo\LoginDemo.csproj", "{440830D4-DC3D-4872-8225-4FADE0265A2F}"
EndProject
Global
	GlobalSection(SolutionConfigurationPlatforms) = preSolution
		Debug|Any CPU = Debug|Any CPU
		Release|Any CPU = Release|Any CPU
	EndGlobalSection
	GlobalSection(ProjectConfigurationPlatforms) = postSolution
		{440830D4-DC3D-4872-8225-4FADE0265A2F}.Debug|Any CPU.ActiveCfg = Debug|Any CPU
		{440830D4-DC3D-4872-8225-4FADE0265A2F}.Debug|Any CPU.Build.0 = Debug|Any CPU
		{440830D4-DC3D-4872-8225-4FADE0265A2F}.Release|Any CPU.ActiveCfg = Release|Any CPU
		{440830D4-DC3D-4872-8225-4FADE0265A2F}.Release|Any CPU.Build.0 = Release|Any CPU
	EndGlobalSection
	GlobalSection(SolutionProperties) = preSolution
		HideSolutionNode = FALSE
	EndGlobalSection
	GlobalSection(ExtensibilityGlobals) = postSolution
		SolutionGuid = {68B8C490-EDC1-4ED3-BD9E-03BA4F10EB92}
	EndGlobalSection
EndGlobal
